
Microsoft Visual Studio Solution File, Format Version 12.00
# Visual Studio Version 16
VisualStudioVersion = 16.0.29025.244
MinimumVisualStudioVersion = 10.0.40219.1
Project("{FAE04EC0-301F-11D3-BF4B-00C04F79EFBC}") = "Config-Switcher-Demo", "Config-Switcher-Demo.csproj", "{9F05F88C-FB97-46C1-94EB-923827C40240}"
EndProject
Global
	GlobalSection(SolutionConfigurationPlatforms) = preSolution
		Debug|Any CPU = Debug|Any CPU
		Live|Any CPU = Live|Any CPU
		Release|Any CPU = Release|Any CPU
		UAT|Any CPU = UAT|Any CPU
	EndGlobalSection
	GlobalSection(ProjectConfigurationPlatforms) = postSolution
		{9F05F88C-FB97-46C1-94EB-923827C40240}.Debug|Any CPU.ActiveCfg = Debug|Any CPU
		{9F05F88C-FB97-46C1-94EB-923827C40240}.Debug|Any CPU.Build.0 = Debug|Any CPU
		{9F05F88C-FB97-46C1-94EB-923827C40240}.Live|Any CPU.ActiveCfg = Live|Any CPU
		{9F05F88C-FB97-46C1-94EB-923827C40240}.Live|Any CPU.Build.0 = Live|Any CPU
		{9F05F88C-FB97-46C1-94EB-923827C40240}.Release|Any CPU.ActiveCfg = Release|Any CPU
		{9F05F88C-FB97-46C1-94EB-923827C40240}.Release|Any CPU.Build.0 = Release|Any CPU
		{9F05F88C-FB97-46C1-94EB-923827C40240}.UAT|Any CPU.ActiveCfg = UAT|Any CPU
		{9F05F88C-FB97-46C1-94EB-923827C40240}.UAT|Any CPU.Build.0 = UAT|Any CPU
	EndGlobalSection
	GlobalSection(SolutionProperties) = preSolution
		HideSolutionNode = FALSE
	EndGlobalSection
	GlobalSection(ExtensibilityGlobals) = postSolution
		SolutionGuid = {BB6F9D57-87B4-4C75-9245-9029D9FAADAE}
	EndGlobalSection
EndGlobal
